{
  "name": "yqy2",
  "version": "1.0.0",
  "lockfileVersion": 1,
  "requires": true,
  "dependencies": {
    "@minui/wxc-icon": {
      "version": "1.0.2",
      "resolved": "https://registry.npmjs.org/@minui/wxc-icon/-/wxc-icon-1.0.2.tgz",
      "integrity": "sha512-CyR2xQNBFOzhPzQkoAEh4+sCapiTQOxuCWg0xwMvTT7Og4gBqtx9//az0PwZ48GcT0MAIk+a+Jo/DF/Q/bLpJQ=="
    },
    "@minui/wxc-loadmore": {
      "version": "1.0.2",
      "resolved": "https://registry.npmjs.org/@minui/wxc-loadmore/-/wxc-loadmore-1.0.2.tgz",
      "integrity": "sha512-ZBbso4Pgov4++Q4YAcDCV48B3k8lQ2Qxnrl2CiTRV67oSuzl6jDvF20XwQpdA5r3us8DC76M7xpKoh4kOR727w=="
    }
  }
}
